
Microsoft Visual Studio Solution File, Format Version 12.00
# Visual Studio 2012
Project("{FAE04EC0-301F-11D3-BF4B-00C04F79EFBC}") = "MidTermMarkCalculation", "MidTermMarkCalculation\MidTermMarkCalculation.csproj", "{6D4E6C1B-E761-485C-9083-DEC19249BB84}"
EndProject
Global
	GlobalSection(SolutionConfigurationPlatforms) = preSolution
		Debug|Any CPU = Debug|Any CPU
		Release|Any CPU = Release|Any CPU
	EndGlobalSection
	GlobalSection(ProjectConfigurationPlatforms) = postSolution
		{6D4E6C1B-E761-485C-9083-DEC19249BB84}.Debug|Any CPU.ActiveCfg = Debug|Any CPU
		{6D4E6C1B-E761-485C-9083-DEC19249BB84}.Debug|Any CPU.Build.0 = Debug|Any CPU
		{6D4E6C1B-E761-485C-9083-DEC19249BB84}.Release|Any CPU.ActiveCfg = Release|Any CPU
		{6D4E6C1B-E761-485C-9083-DEC19249BB84}.Release|Any CPU.Build.0 = Release|Any CPU
	EndGlobalSection
	GlobalSection(SolutionProperties) = preSolution
		HideSolutionNode = FALSE
	EndGlobalSection
EndGlobal
